
Microsoft Visual Studio Solution File, Format Version 12.00
# Visual Studio Version 16
VisualStudioVersion = 16.0.30413.136
MinimumVisualStudioVersion = 10.0.40219.1
Project("{9A19103F-16F7-4668-BE54-9A1E7A4F7556}") = "Ac682.Hyperai.Clients.CQHTTP", "Ac682.Hyperai.Clients.CQHTTP\Ac682.Hyperai.Clients.CQHTTP.csproj", "{DCD59CE6-F6A5-443C-9628-CD57AE513245}"
EndProject
Project("{FAE04EC0-301F-11D3-BF4B-00C04F79EFBC}") = "Ac682.Hyperai.Clients.CQHTTP.Tests", "Ac682.Hyperai.Clients.CQHTTP.Tests\Ac682.Hyperai.Clients.CQHTTP.Tests.csproj", "{2AE402B9-F429-4791-933D-AB6A01B096D7}"
EndProject
Global
	GlobalSection(SolutionConfigurationPlatforms) = preSolution
		Debug|Any CPU = Debug|Any CPU
		Release|Any CPU = Release|Any CPU
	EndGlobalSection
	GlobalSection(ProjectConfigurationPlatforms) = postSolution
		{DCD59CE6-F6A5-443C-9628-CD57AE513245}.Debug|Any CPU.ActiveCfg = Debug|Any CPU
		{DCD59CE6-F6A5-443C-9628-CD57AE513245}.Debug|Any CPU.Build.0 = Debug|Any CPU
		{DCD59CE6-F6A5-443C-9628-CD57AE513245}.Release|Any CPU.ActiveCfg = Release|Any CPU
		{DCD59CE6-F6A5-443C-9628-CD57AE513245}.Release|Any CPU.Build.0 = Release|Any CPU
		{2AE402B9-F429-4791-933D-AB6A01B096D7}.Debug|Any CPU.ActiveCfg = Debug|Any CPU
		{2AE402B9-F429-4791-933D-AB6A01B096D7}.Debug|Any CPU.Build.0 = Debug|Any CPU
		{2AE402B9-F429-4791-933D-AB6A01B096D7}.Release|Any CPU.ActiveCfg = Release|Any CPU
		{2AE402B9-F429-4791-933D-AB6A01B096D7}.Release|Any CPU.Build.0 = Release|Any CPU
	EndGlobalSection
	GlobalSection(SolutionProperties) = preSolution
		HideSolutionNode = FALSE
	EndGlobalSection
	GlobalSection(ExtensibilityGlobals) = postSolution
		SolutionGuid = {DE8E4D81-8790-43FA-A630-A3F20F409406}
	EndGlobalSection
EndGlobal
